
Microsoft Visual Studio Solution File, Format Version 12.00
# Visual Studio Version 17
VisualStudioVersion = 17.4.33205.214
MinimumVisualStudioVersion = 10.0.40219.1
Project("{FAE04EC0-301F-11D3-BF4B-00C04F79EFBC}") = "EF_RelationalDB_Crud", "EF_RelationalDB_Crud\EF_RelationalDB_Crud.csproj", "{CCEDBCBA-D377-4B52-87FB-AA77CA89866B}"
EndProject
Global
	GlobalSection(SolutionConfigurationPlatforms) = preSolution
		Debug|Any CPU = Debug|Any CPU
		Release|Any CPU = Release|Any CPU
	EndGlobalSection
	GlobalSection(ProjectConfigurationPlatforms) = postSolution
		{CCEDBCBA-D377-4B52-87FB-AA77CA89866B}.Debug|Any CPU.ActiveCfg = Debug|Any CPU
		{CCEDBCBA-D377-4B52-87FB-AA77CA89866B}.Debug|Any CPU.Build.0 = Debug|Any CPU
		{CCEDBCBA-D377-4B52-87FB-AA77CA89866B}.Release|Any CPU.ActiveCfg = Release|Any CPU
		{CCEDBCBA-D377-4B52-87FB-AA77CA89866B}.Release|Any CPU.Build.0 = Release|Any CPU
	EndGlobalSection
	GlobalSection(SolutionProperties) = preSolution
		HideSolutionNode = FALSE
	EndGlobalSection
	GlobalSection(ExtensibilityGlobals) = postSolution
		SolutionGuid = {D14D4CE9-5C57-431A-8CBE-CA75120DCBD8}
	EndGlobalSection
EndGlobal
